
Microsoft Visual Studio Solution File, Format Version 12.00
# Visual Studio 2012
Project("{2150E333-8FDC-42A3-9474-1A3956D46DE8}") = "Modules", "Modules", "{2CC0970E-BA1E-4A22-8EB6-1A323E7CB6C9}"
EndProject
Project("{FAE04EC0-301F-11D3-BF4B-00C04F79EFBC}") = "Automation", "Automation\Automation.csproj", "{9483E6EF-01C0-471D-B6BB-6DA00D95F510}"
	ProjectSection(ProjectDependencies) = postProject
		{35460AA4-B94A-4B64-9418-7243EC3D2F01} = {35460AA4-B94A-4B64-9418-7243EC3D2F01}
		{052CEAEE-674D-41D8-8134-D26A3DD14D5C} = {052CEAEE-674D-41D8-8134-D26A3DD14D5C}
	EndProjectSection
EndProject
Project("{FAE04EC0-301F-11D3-BF4B-00C04F79EFBC}") = "AutomationUI", "UI\AutomationUI.csproj", "{D135DCF9-758B-4846-9671-A9F3E9EED447}"
EndProject
Project("{FAE04EC0-301F-11D3-BF4B-00C04F79EFBC}") = "Bluetooth", "Modules\Bluetooth\Bluetooth.csproj", "{58F49703-44F1-44F4-9D51-C7A740D413D9}"
	ProjectSection(ProjectDependencies) = postProject
		{84D44835-8FF1-4A09-A56F-C979313ABDDB} = {84D44835-8FF1-4A09-A56F-C979313ABDDB}
	EndProjectSection
EndProject
Project("{FAE04EC0-301F-11D3-BF4B-00C04F79EFBC}") = "Dummy", "Modules\Dummy\Dummy.csproj", "{AC774EA8-DB66-4FC4-A62E-5E46F7D11EFF}"
	ProjectSection(ProjectDependencies) = postProject
		{84D44835-8FF1-4A09-A56F-C979313ABDDB} = {84D44835-8FF1-4A09-A56F-C979313ABDDB}
	EndProjectSection
EndProject
Project("{FAE04EC0-301F-11D3-BF4B-00C04F79EFBC}") = "Epson", "Modules\Epson\Epson.csproj", "{F1F52FCD-92FA-4850-B1B3-4FBD1644C7BF}"
	ProjectSection(ProjectDependencies) = postProject
		{84D44835-8FF1-4A09-A56F-C979313ABDDB} = {84D44835-8FF1-4A09-A56F-C979313ABDDB}
	EndProjectSection
EndProject
Project("{FAE04EC0-301F-11D3-BF4B-00C04F79EFBC}") = "PowerControl", "Modules\PowerControl\PowerControl.csproj", "{5D60210D-8FFF-4657-9DE1-92E99ED65853}"
	ProjectSection(ProjectDependencies) = postProject
		{84D44835-8FF1-4A09-A56F-C979313ABDDB} = {84D44835-8FF1-4A09-A56F-C979313ABDDB}
	EndProjectSection
EndProject
Project("{FAE04EC0-301F-11D3-BF4B-00C04F79EFBC}") = "RfxCom", "Modules\RfxCom\RfxCom.csproj", "{C71528F7-1B11-4C4D-BDCA-B479469E899E}"
	ProjectSection(ProjectDependencies) = postProject
		{84D44835-8FF1-4A09-A56F-C979313ABDDB} = {84D44835-8FF1-4A09-A56F-C979313ABDDB}
	EndProjectSection
EndProject
Project("{FAE04EC0-301F-11D3-BF4B-00C04F79EFBC}") = "Speech", "Modules\Speech\Speech.csproj", "{2D2B2850-F71A-486B-92DB-DCFD618B2762}"
	ProjectSection(ProjectDependencies) = postProject
		{84D44835-8FF1-4A09-A56F-C979313ABDDB} = {84D44835-8FF1-4A09-A56F-C979313ABDDB}
	EndProjectSection
EndProject
Project("{FAE04EC0-301F-11D3-BF4B-00C04F79EFBC}") = "WakeOnLan", "Modules\WakeOnLan\WakeOnLan.csproj", "{397ABE3E-D249-4E96-8BE1-DE53BC1FB7D2}"
	ProjectSection(ProjectDependencies) = postProject
		{84D44835-8FF1-4A09-A56F-C979313ABDDB} = {84D44835-8FF1-4A09-A56F-C979313ABDDB}
	EndProjectSection
EndProject
Project("{FAE04EC0-301F-11D3-BF4B-00C04F79EFBC}") = "Yamaha", "Modules\Yamaha\Yamaha.csproj", "{4E18C5DE-3F77-402E-9B99-532AA86397CA}"
	ProjectSection(ProjectDependencies) = postProject
		{84D44835-8FF1-4A09-A56F-C979313ABDDB} = {84D44835-8FF1-4A09-A56F-C979313ABDDB}
		{C13E47B0-A74B-4A26-99C3-EA4EAFC4D155} = {C13E47B0-A74B-4A26-99C3-EA4EAFC4D155}
	EndProjectSection
EndProject
Project("{FAE04EC0-301F-11D3-BF4B-00C04F79EFBC}") = "Support", "Support\Support.csproj", "{CB0485C7-9ECC-4545-B704-0C56392AC1EA}"
EndProject
Project("{FAE04EC0-301F-11D3-BF4B-00C04F79EFBC}") = "Curtain", "Modules\Curtain\Curtain.csproj", "{25EBDC42-63F0-4EA7-B3FA-D048D7464187}"
	ProjectSection(ProjectDependencies) = postProject
		{84D44835-8FF1-4A09-A56F-C979313ABDDB} = {84D44835-8FF1-4A09-A56F-C979313ABDDB}
	EndProjectSection
EndProject
Project("{FAE04EC0-301F-11D3-BF4B-00C04F79EFBC}") = "Mode", "Modules\Mode\Mode.csproj", "{C6D037D6-D177-4816-96F4-921DC4FC9B8D}"
	ProjectSection(ProjectDependencies) = postProject
		{84D44835-8FF1-4A09-A56F-C979313ABDDB} = {84D44835-8FF1-4A09-A56F-C979313ABDDB}
	EndProjectSection
EndProject
Project("{FAE04EC0-301F-11D3-BF4B-00C04F79EFBC}") = "ComputerProxy", "Modules\ComputerProxy\ComputerProxy.csproj", "{6615D6F1-6013-4897-963B-8E798DAE0DB7}"
	ProjectSection(ProjectDependencies) = postProject
		{84D44835-8FF1-4A09-A56F-C979313ABDDB} = {84D44835-8FF1-4A09-A56F-C979313ABDDB}
		{397ABE3E-D249-4E96-8BE1-DE53BC1FB7D2} = {397ABE3E-D249-4E96-8BE1-DE53BC1FB7D2}
	EndProjectSection
EndProject
Project("{FAE04EC0-301F-11D3-BF4B-00C04F79EFBC}") = "ModuleBase", "ModuleBase\ModuleBase.csproj", "{84D44835-8FF1-4A09-A56F-C979313ABDDB}"
EndProject
Project("{FAE04EC0-301F-11D3-BF4B-00C04F79EFBC}") = "WebEndpoint", "WebEndpoint\WebEndpoint.csproj", "{35460AA4-B94A-4B64-9418-7243EC3D2F01}"
EndProject
Project("{FAE04EC0-301F-11D3-BF4B-00C04F79EFBC}") = "Scene", "Modules\Scene\Scene.csproj", "{D01E0017-08F5-4746-A7FA-55233B1AB072}"
EndProject
Project("{FAE04EC0-301F-11D3-BF4B-00C04F79EFBC}") = "Logging", "Logging\Logging.csproj", "{C13E47B0-A74B-4A26-99C3-EA4EAFC4D155}"
EndProject
Project("{FAE04EC0-301F-11D3-BF4B-00C04F79EFBC}") = "ArduinoLamps", "Modules\ArduinoLamps\ArduinoLamps.csproj", "{CC0FAEEE-AD7B-4BD4-A9C5-70AD71C6AC16}"
EndProject
Project("{FAE04EC0-301F-11D3-BF4B-00C04F79EFBC}") = "AutomationTest", "AutomationTest\AutomationTest.csproj", "{B8193493-79E3-4B59-8B8F-20E691E5FEF7}"
EndProject
Project("{2150E333-8FDC-42A3-9474-1A3956D46DE8}") = "Tests", "Tests", "{3350A994-5525-4557-845A-30739CC91E73}"
EndProject
Project("{FAE04EC0-301F-11D3-BF4B-00C04F79EFBC}") = "ModulesTest", "Tests\ModulesTest\ModulesTest.csproj", "{4C7218B3-6BA8-427C-A130-8C1EFE3287EA}"
EndProject
Project("{FAE04EC0-301F-11D3-BF4B-00C04F79EFBC}") = "ModuleBaseTest", "Tests\ModuleBaseTest\ModuleBaseTest.csproj", "{5ED5D4D7-9099-4CF9-88CD-D19D870FC741}"
EndProject
Project("{FAE04EC0-301F-11D3-BF4B-00C04F79EFBC}") = "Events", "Modules\Events\Events.csproj", "{0A18D7D3-D05C-4871-B2DF-E618ACB25E31}"
EndProject
Project("{8BC9CEB8-8B4A-11D0-8D11-00A0C91BC942}") = "SupportDll", "SupportDll\SupportDll.vcxproj", "{052CEAEE-674D-41D8-8134-D26A3DD14D5C}"
EndProject
Global
	GlobalSection(SolutionConfigurationPlatforms) = preSolution
		Debug|Any CPU = Debug|Any CPU
		Debug|Mixed Platforms = Debug|Mixed Platforms
		Debug|Win32 = Debug|Win32
		Debug|x64 = Debug|x64
		Release|Any CPU = Release|Any CPU
		Release|Mixed Platforms = Release|Mixed Platforms
		Release|Win32 = Release|Win32
		Release|x64 = Release|x64
	EndGlobalSection
	GlobalSection(ProjectConfigurationPlatforms) = postSolution
		{9483E6EF-01C0-471D-B6BB-6DA00D95F510}.Debug|Any CPU.ActiveCfg = Debug|Any CPU
		{9483E6EF-01C0-471D-B6BB-6DA00D95F510}.Debug|Any CPU.Build.0 = Debug|Any CPU
		{9483E6EF-01C0-471D-B6BB-6DA00D95F510}.Debug|Mixed Platforms.ActiveCfg = Debug|x86
		{9483E6EF-01C0-471D-B6BB-6DA00D95F510}.Debug|Mixed Platforms.Build.0 = Debug|x86
		{9483E6EF-01C0-471D-B6BB-6DA00D95F510}.Debug|Win32.ActiveCfg = Debug|x86
		{9483E6EF-01C0-471D-B6BB-6DA00D95F510}.Debug|Win32.Build.0 = Debug|x86
		{9483E6EF-01C0-471D-B6BB-6DA00D95F510}.Debug|x64.ActiveCfg = Debug|Any CPU
		{9483E6EF-01C0-471D-B6BB-6DA00D95F510}.Debug|x64.Build.0 = Debug|Any CPU
		{9483E6EF-01C0-471D-B6BB-6DA00D95F510}.Release|Any CPU.ActiveCfg = Release|Any CPU
		{9483E6EF-01C0-471D-B6BB-6DA00D95F510}.Release|Any CPU.Build.0 = Release|Any CPU
		{9483E6EF-01C0-471D-B6BB-6DA00D95F510}.Release|Mixed Platforms.ActiveCfg = Release|x86
		{9483E6EF-01C0-471D-B6BB-6DA00D95F510}.Release|Mixed Platforms.Build.0 = Release|x86
		{9483E6EF-01C0-471D-B6BB-6DA00D95F510}.Release|Win32.ActiveCfg = Release|x86
		{9483E6EF-01C0-471D-B6BB-6DA00D95F510}.Release|Win32.Build.0 = Release|x86
		{9483E6EF-01C0-471D-B6BB-6DA00D95F510}.Release|x64.ActiveCfg = Release|Any CPU
		{9483E6EF-01C0-471D-B6BB-6DA00D95F510}.Release|x64.Build.0 = Release|Any CPU
		{D135DCF9-758B-4846-9671-A9F3E9EED447}.Debug|Any CPU.ActiveCfg = Debug|Any CPU
		{D135DCF9-758B-4846-9671-A9F3E9EED447}.Debug|Any CPU.Build.0 = Debug|Any CPU
		{D135DCF9-758B-4846-9671-A9F3E9EED447}.Debug|Mixed Platforms.ActiveCfg = Debug|x86
		{D135DCF9-758B-4846-9671-A9F3E9EED447}.Debug|Mixed Platforms.Build.0 = Debug|x86
		{D135DCF9-758B-4846-9671-A9F3E9EED447}.Debug|Win32.ActiveCfg = Debug|x86
		{D135DCF9-758B-4846-9671-A9F3E9EED447}.Debug|Win32.Build.0 = Debug|x86
		{D135DCF9-758B-4846-9671-A9F3E9EED447}.Debug|x64.ActiveCfg = Debug|Any CPU
		{D135DCF9-758B-4846-9671-A9F3E9EED447}.Debug|x64.Build.0 = Debug|Any CPU
		{D135DCF9-758B-4846-9671-A9F3E9EED447}.Release|Any CPU.ActiveCfg = Release|Any CPU
		{D135DCF9-758B-4846-9671-A9F3E9EED447}.Release|Any CPU.Build.0 = Release|Any CPU
		{D135DCF9-758B-4846-9671-A9F3E9EED447}.Release|Mixed Platforms.ActiveCfg = Release|x86
		{D135DCF9-758B-4846-9671-A9F3E9EED447}.Release|Mixed Platforms.Build.0 = Release|x86
		{D135DCF9-758B-4846-9671-A9F3E9EED447}.Release|Win32.ActiveCfg = Release|x86
		{D135DCF9-758B-4846-9671-A9F3E9EED447}.Release|Win32.Build.0 = Release|x86
		{D135DCF9-758B-4846-9671-A9F3E9EED447}.Release|x64.ActiveCfg = Release|Any CPU
		{D135DCF9-758B-4846-9671-A9F3E9EED447}.Release|x64.Build.0 = Release|Any CPU
		{58F49703-44F1-44F4-9D51-C7A740D413D9}.Debug|Any CPU.ActiveCfg = Debug|Any CPU
		{58F49703-44F1-44F4-9D51-C7A740D413D9}.Debug|Any CPU.Build.0 = Debug|Any CPU
		{58F49703-44F1-44F4-9D51-C7A740D413D9}.Debug|Mixed Platforms.ActiveCfg = Debug|x86
		{58F49703-44F1-44F4-9D51-C7A740D413D9}.Debug|Mixed Platforms.Build.0 = Debug|x86
		{58F49703-44F1-44F4-9D51-C7A740D413D9}.Debug|Win32.ActiveCfg = Debug|x86
		{58F49703-44F1-44F4-9D51-C7A740D413D9}.Debug|Win32.Build.0 = Debug|x86
		{58F49703-44F1-44F4-9D51-C7A740D413D9}.Debug|x64.ActiveCfg = Debug|Any CPU
		{58F49703-44F1-44F4-9D51-C7A740D413D9}.Debug|x64.Build.0 = Debug|Any CPU
		{58F49703-44F1-44F4-9D51-C7A740D413D9}.Release|Any CPU.ActiveCfg = Release|Any CPU
		{58F49703-44F1-44F4-9D51-C7A740D413D9}.Release|Any CPU.Build.0 = Release|Any CPU
		{58F49703-44F1-44F4-9D51-C7A740D413D9}.Release|Mixed Platforms.ActiveCfg = Release|x86
		{58F49703-44F1-44F4-9D51-C7A740D413D9}.Release|Mixed Platforms.Build.0 = Release|x86
		{58F49703-44F1-44F4-9D51-C7A740D413D9}.Release|Win32.ActiveCfg = Release|x86
		{58F49703-44F1-44F4-9D51-C7A740D413D9}.Release|Win32.Build.0 = Release|x86
		{58F49703-44F1-44F4-9D51-C7A740D413D9}.Release|x64.ActiveCfg = Release|Any CPU
		{58F49703-44F1-44F4-9D51-C7A740D413D9}.Release|x64.Build.0 = Release|Any CPU
		{AC774EA8-DB66-4FC4-A62E-5E46F7D11EFF}.Debug|Any CPU.ActiveCfg = Debug|Any CPU
		{AC774EA8-DB66-4FC4-A62E-5E46F7D11EFF}.Debug|Any CPU.Build.0 = Debug|Any CPU
		{AC774EA8-DB66-4FC4-A62E-5E46F7D11EFF}.Debug|Mixed Platforms.ActiveCfg = Debug|x86
		{AC774EA8-DB66-4FC4-A62E-5E46F7D11EFF}.Debug|Mixed Platforms.Build.0 = Debug|x86
		{AC774EA8-DB66-4FC4-A62E-5E46F7D11EFF}.Debug|Win32.ActiveCfg = Debug|x86
		{AC774EA8-DB66-4FC4-A62E-5E46F7D11EFF}.Debug|Win32.Build.0 = Debug|x86
		{AC774EA8-DB66-4FC4-A62E-5E46F7D11EFF}.Debug|x64.ActiveCfg = Debug|Any CPU
		{AC774EA8-DB66-4FC4-A62E-5E46F7D11EFF}.Debug|x64.Build.0 = Debug|Any CPU
		{AC774EA8-DB66-4FC4-A62E-5E46F7D11EFF}.Release|Any CPU.ActiveCfg = Release|Any CPU
		{AC774EA8-DB66-4FC4-A62E-5E46F7D11EFF}.Release|Any CPU.Build.0 = Release|Any CPU
		{AC774EA8-DB66-4FC4-A62E-5E46F7D11EFF}.Release|Mixed Platforms.ActiveCfg = Release|x86
		{AC774EA8-DB66-4FC4-A62E-5E46F7D11EFF}.Release|Mixed Platforms.Build.0 = Release|x86
		{AC774EA8-DB66-4FC4-A62E-5E46F7D11EFF}.Release|Win32.ActiveCfg = Release|x86
		{AC774EA8-DB66-4FC4-A62E-5E46F7D11EFF}.Release|Win32.Build.0 = Release|x86
		{AC774EA8-DB66-4FC4-A62E-5E46F7D11EFF}.Release|x64.ActiveCfg = Release|Any CPU
		{AC774EA8-DB66-4FC4-A62E-5E46F7D11EFF}.Release|x64.Build.0 = Release|Any CPU
		{F1F52FCD-92FA-4850-B1B3-4FBD1644C7BF}.Debug|Any CPU.ActiveCfg = Debug|Any CPU
		{F1F52FCD-92FA-4850-B1B3-4FBD1644C7BF}.Debug|Any CPU.Build.0 = Debug|Any CPU
		{F1F52FCD-92FA-4850-B1B3-4FBD1644C7BF}.Debug|Mixed Platforms.ActiveCfg = Debug|x86
		{F1F52FCD-92FA-4850-B1B3-4FBD1644C7BF}.Debug|Mixed Platforms.Build.0 = Debug|x86
		{F1F52FCD-92FA-4850-B1B3-4FBD1644C7BF}.Debug|Win32.ActiveCfg = Debug|x86
		{F1F52FCD-92FA-4850-B1B3-4FBD1644C7BF}.Debug|Win32.Build.0 = Debug|x86
		{F1F52FCD-92FA-4850-B1B3-4FBD1644C7BF}.Debug|x64.ActiveCfg = Debug|Any CPU
		{F1F52FCD-92FA-4850-B1B3-4FBD1644C7BF}.Debug|x64.Build.0 = Debug|Any CPU
		{F1F52FCD-92FA-4850-B1B3-4FBD1644C7BF}.Release|Any CPU.ActiveCfg = Release|Any CPU
		{F1F52FCD-92FA-4850-B1B3-4FBD1644C7BF}.Release|Any CPU.Build.0 = Release|Any CPU
		{F1F52FCD-92FA-4850-B1B3-4FBD1644C7BF}.Release|Mixed Platforms.ActiveCfg = Release|x86
		{F1F52FCD-92FA-4850-B1B3-4FBD1644C7BF}.Release|Mixed Platforms.Build.0 = Release|x86
		{F1F52FCD-92FA-4850-B1B3-4FBD1644C7BF}.Release|Win32.ActiveCfg = Release|x86
		{F1F52FCD-92FA-4850-B1B3-4FBD1644C7BF}.Release|Win32.Build.0 = Release|x86
		{F1F52FCD-92FA-4850-B1B3-4FBD1644C7BF}.Release|x64.ActiveCfg = Release|Any CPU
		{F1F52FCD-92FA-4850-B1B3-4FBD1644C7BF}.Release|x64.Build.0 = Release|Any CPU
		{5D60210D-8FFF-4657-9DE1-92E99ED65853}.Debug|Any CPU.ActiveCfg = Debug|Any CPU
		{5D60210D-8FFF-4657-9DE1-92E99ED65853}.Debug|Any CPU.Build.0 = Debug|Any CPU
		{5D60210D-8FFF-4657-9DE1-92E99ED65853}.Debug|Mixed Platforms.ActiveCfg = Debug|x86
		{5D60210D-8FFF-4657-9DE1-92E99ED65853}.Debug|Mixed Platforms.Build.0 = Debug|x86
		{5D60210D-8FFF-4657-9DE1-92E99ED65853}.Debug|Win32.ActiveCfg = Debug|x86
		{5D60210D-8FFF-4657-9DE1-92E99ED65853}.Debug|Win32.Build.0 = Debug|x86
		{5D60210D-8FFF-4657-9DE1-92E99ED65853}.Debug|x64.ActiveCfg = Debug|Any CPU
		{5D60210D-8FFF-4657-9DE1-92E99ED65853}.Debug|x64.Build.0 = Debug|Any CPU
		{5D60210D-8FFF-4657-9DE1-92E99ED65853}.Release|Any CPU.ActiveCfg = Release|Any CPU
		{5D60210D-8FFF-4657-9DE1-92E99ED65853}.Release|Any CPU.Build.0 = Release|Any CPU
		{5D60210D-8FFF-4657-9DE1-92E99ED65853}.Release|Mixed Platforms.ActiveCfg = Release|x86
		{5D60210D-8FFF-4657-9DE1-92E99ED65853}.Release|Mixed Platforms.Build.0 = Release|x86
		{5D60210D-8FFF-4657-9DE1-92E99ED65853}.Release|Win32.ActiveCfg = Release|x86
		{5D60210D-8FFF-4657-9DE1-92E99ED65853}.Release|Win32.Build.0 = Release|x86
		{5D60210D-8FFF-4657-9DE1-92E99ED65853}.Release|x64.ActiveCfg = Release|Any CPU
		{5D60210D-8FFF-4657-9DE1-92E99ED65853}.Release|x64.Build.0 = Release|Any CPU
		{C71528F7-1B11-4C4D-BDCA-B479469E899E}.Debug|Any CPU.ActiveCfg = Debug|Any CPU
		{C71528F7-1B11-4C4D-BDCA-B479469E899E}.Debug|Any CPU.Build.0 = Debug|Any CPU
		{C71528F7-1B11-4C4D-BDCA-B479469E899E}.Debug|Mixed Platforms.ActiveCfg = Debug|x86
		{C71528F7-1B11-4C4D-BDCA-B479469E899E}.Debug|Mixed Platforms.Build.0 = Debug|x86
		{C71528F7-1B11-4C4D-BDCA-B479469E899E}.Debug|Win32.ActiveCfg = Debug|x86
		{C71528F7-1B11-4C4D-BDCA-B479469E899E}.Debug|Win32.Build.0 = Debug|x86
		{C71528F7-1B11-4C4D-BDCA-B479469E899E}.Debug|x64.ActiveCfg = Debug|Any CPU
		{C71528F7-1B11-4C4D-BDCA-B479469E899E}.Debug|x64.Build.0 = Debug|Any CPU
		{C71528F7-1B11-4C4D-BDCA-B479469E899E}.Release|Any CPU.ActiveCfg = Release|Any CPU
		{C71528F7-1B11-4C4D-BDCA-B479469E899E}.Release|Any CPU.Build.0 = Release|Any CPU
		{C71528F7-1B11-4C4D-BDCA-B479469E899E}.Release|Mixed Platforms.ActiveCfg = Release|x86
		{C71528F7-1B11-4C4D-BDCA-B479469E899E}.Release|Mixed Platforms.Build.0 = Release|x86
		{C71528F7-1B11-4C4D-BDCA-B479469E899E}.Release|Win32.ActiveCfg = Release|x86
		{C71528F7-1B11-4C4D-BDCA-B479469E899E}.Release|Win32.Build.0 = Release|x86
		{C71528F7-1B11-4C4D-BDCA-B479469E899E}.Release|x64.ActiveCfg = Release|Any CPU
		{C71528F7-1B11-4C4D-BDCA-B479469E899E}.Release|x64.Build.0 = Release|Any CPU
		{2D2B2850-F71A-486B-92DB-DCFD618B2762}.Debug|Any CPU.ActiveCfg = Debug|Any CPU
		{2D2B2850-F71A-486B-92DB-DCFD618B2762}.Debug|Any CPU.Build.0 = Debug|Any CPU
		{2D2B2850-F71A-486B-92DB-DCFD618B2762}.Debug|Mixed Platforms.ActiveCfg = Debug|x86
		{2D2B2850-F71A-486B-92DB-DCFD618B2762}.Debug|Mixed Platforms.Build.0 = Debug|x86
		{2D2B2850-F71A-486B-92DB-DCFD618B2762}.Debug|Win32.ActiveCfg = Debug|x86
		{2D2B2850-F71A-486B-92DB-DCFD618B2762}.Debug|Win32.Build.0 = Debug|x86
		{2D2B2850-F71A-486B-92DB-DCFD618B2762}.Debug|x64.ActiveCfg = Debug|Any CPU
		{2D2B2850-F71A-486B-92DB-DCFD618B2762}.Debug|x64.Build.0 = Debug|Any CPU
		{2D2B2850-F71A-486B-92DB-DCFD618B2762}.Release|Any CPU.ActiveCfg = Release|Any CPU
		{2D2B2850-F71A-486B-92DB-DCFD618B2762}.Release|Any CPU.Build.0 = Release|Any CPU
		{2D2B2850-F71A-486B-92DB-DCFD618B2762}.Release|Mixed Platforms.ActiveCfg = Release|x86
		{2D2B2850-F71A-486B-92DB-DCFD618B2762}.Release|Mixed Platforms.Build.0 = Release|x86
		{2D2B2850-F71A-486B-92DB-DCFD618B2762}.Release|Win32.ActiveCfg = Release|x86
		{2D2B2850-F71A-486B-92DB-DCFD618B2762}.Release|Win32.Build.0 = Release|x86
		{2D2B2850-F71A-486B-92DB-DCFD618B2762}.Release|x64.ActiveCfg = Release|Any CPU
		{2D2B2850-F71A-486B-92DB-DCFD618B2762}.Release|x64.Build.0 = Release|Any CPU
		{397ABE3E-D249-4E96-8BE1-DE53BC1FB7D2}.Debug|Any CPU.ActiveCfg = Debug|Any CPU
		{397ABE3E-D249-4E96-8BE1-DE53BC1FB7D2}.Debug|Any CPU.Build.0 = Debug|Any CPU
		{397ABE3E-D249-4E96-8BE1-DE53BC1FB7D2}.Debug|Mixed Platforms.ActiveCfg = Debug|x86
		{397ABE3E-D249-4E96-8BE1-DE53BC1FB7D2}.Debug|Mixed Platforms.Build.0 = Debug|x86
		{397ABE3E-D249-4E96-8BE1-DE53BC1FB7D2}.Debug|Win32.ActiveCfg = Debug|x86
		{397ABE3E-D249-4E96-8BE1-DE53BC1FB7D2}.Debug|Win32.Build.0 = Debug|x86
		{397ABE3E-D249-4E96-8BE1-DE53BC1FB7D2}.Debug|x64.ActiveCfg = Debug|Any CPU
		{397ABE3E-D249-4E96-8BE1-DE53BC1FB7D2}.Debug|x64.Build.0 = Debug|Any CPU
		{397ABE3E-D249-4E96-8BE1-DE53BC1FB7D2}.Release|Any CPU.ActiveCfg = Release|Any CPU
		{397ABE3E-D249-4E96-8BE1-DE53BC1FB7D2}.Release|Any CPU.Build.0 = Release|Any CPU
		{397ABE3E-D249-4E96-8BE1-DE53BC1FB7D2}.Release|Mixed Platforms.ActiveCfg = Release|x86
		{397ABE3E-D249-4E96-8BE1-DE53BC1FB7D2}.Release|Mixed Platforms.Build.0 = Release|x86
		{397ABE3E-D249-4E96-8BE1-DE53BC1FB7D2}.Release|Win32.ActiveCfg = Release|x86
		{397ABE3E-D249-4E96-8BE1-DE53BC1FB7D2}.Release|Win32.Build.0 = Release|x86
		{397ABE3E-D249-4E96-8BE1-DE53BC1FB7D2}.Release|x64.ActiveCfg = Release|Any CPU
		{397ABE3E-D249-4E96-8BE1-DE53BC1FB7D2}.Release|x64.Build.0 = Release|Any CPU
		{4E18C5DE-3F77-402E-9B99-532AA86397CA}.Debug|Any CPU.ActiveCfg = Debug|Any CPU
		{4E18C5DE-3F77-402E-9B99-532AA86397CA}.Debug|Any CPU.Build.0 = Debug|Any CPU
		{4E18C5DE-3F77-402E-9B99-532AA86397CA}.Debug|Mixed Platforms.ActiveCfg = Debug|x86
		{4E18C5DE-3F77-402E-9B99-532AA86397CA}.Debug|Mixed Platforms.Build.0 = Debug|x86
		{4E18C5DE-3F77-402E-9B99-532AA86397CA}.Debug|Win32.ActiveCfg = Debug|x86
		{4E18C5DE-3F77-402E-9B99-532AA86397CA}.Debug|Win32.Build.0 = Debug|x86
		{4E18C5DE-3F77-402E-9B99-532AA86397CA}.Debug|x64.ActiveCfg = Debug|Any CPU
		{4E18C5DE-3F77-402E-9B99-532AA86397CA}.Debug|x64.Build.0 = Debug|Any CPU
		{4E18C5DE-3F77-402E-9B99-532AA86397CA}.Release|Any CPU.ActiveCfg = Release|Any CPU
		{4E18C5DE-3F77-402E-9B99-532AA86397CA}.Release|Any CPU.Build.0 = Release|Any CPU
		{4E18C5DE-3F77-402E-9B99-532AA86397CA}.Release|Mixed Platforms.ActiveCfg = Release|x86
		{4E18C5DE-3F77-402E-9B99-532AA86397CA}.Release|Mixed Platforms.Build.0 = Release|x86
		{4E18C5DE-3F77-402E-9B99-532AA86397CA}.Release|Win32.ActiveCfg = Release|x86
		{4E18C5DE-3F77-402E-9B99-532AA86397CA}.Release|Win32.Build.0 = Release|x86
		{4E18C5DE-3F77-402E-9B99-532AA86397CA}.Release|x64.ActiveCfg = Release|Any CPU
		{4E18C5DE-3F77-402E-9B99-532AA86397CA}.Release|x64.Build.0 = Release|Any CPU
		{CB0485C7-9ECC-4545-B704-0C56392AC1EA}.Debug|Any CPU.ActiveCfg = Debug|Any CPU
		{CB0485C7-9ECC-4545-B704-0C56392AC1EA}.Debug|Any CPU.Build.0 = Debug|Any CPU
		{CB0485C7-9ECC-4545-B704-0C56392AC1EA}.Debug|Mixed Platforms.ActiveCfg = Debug|x86
		{CB0485C7-9ECC-4545-B704-0C56392AC1EA}.Debug|Mixed Platforms.Build.0 = Debug|x86
		{CB0485C7-9ECC-4545-B704-0C56392AC1EA}.Debug|Win32.ActiveCfg = Debug|x86
		{CB0485C7-9ECC-4545-B704-0C56392AC1EA}.Debug|Win32.Build.0 = Debug|x86
		{CB0485C7-9ECC-4545-B704-0C56392AC1EA}.Debug|x64.ActiveCfg = Debug|Any CPU
		{CB0485C7-9ECC-4545-B704-0C56392AC1EA}.Debug|x64.Build.0 = Debug|Any CPU
		{CB0485C7-9ECC-4545-B704-0C56392AC1EA}.Release|Any CPU.ActiveCfg = Release|Any CPU
		{CB0485C7-9ECC-4545-B704-0C56392AC1EA}.Release|Any CPU.Build.0 = Release|Any CPU
		{CB0485C7-9ECC-4545-B704-0C56392AC1EA}.Release|Mixed Platforms.ActiveCfg = Release|x86
		{CB0485C7-9ECC-4545-B704-0C56392AC1EA}.Release|Mixed Platforms.Build.0 = Release|x86
		{CB0485C7-9ECC-4545-B704-0C56392AC1EA}.Release|Win32.ActiveCfg = Release|x86
		{CB0485C7-9ECC-4545-B704-0C56392AC1EA}.Release|Win32.Build.0 = Release|x86
		{CB0485C7-9ECC-4545-B704-0C56392AC1EA}.Release|x64.ActiveCfg = Release|Any CPU
		{CB0485C7-9ECC-4545-B704-0C56392AC1EA}.Release|x64.Build.0 = Release|Any CPU
		{25EBDC42-63F0-4EA7-B3FA-D048D7464187}.Debug|Any CPU.ActiveCfg = Debug|Any CPU
		{25EBDC42-63F0-4EA7-B3FA-D048D7464187}.Debug|Any CPU.Build.0 = Debug|Any CPU
		{25EBDC42-63F0-4EA7-B3FA-D048D7464187}.Debug|Mixed Platforms.ActiveCfg = Debug|x86
		{25EBDC42-63F0-4EA7-B3FA-D048D7464187}.Debug|Mixed Platforms.Build.0 = Debug|x86
		{25EBDC42-63F0-4EA7-B3FA-D048D7464187}.Debug|Win32.ActiveCfg = Debug|x86
		{25EBDC42-63F0-4EA7-B3FA-D048D7464187}.Debug|Win32.Build.0 = Debug|x86
		{25EBDC42-63F0-4EA7-B3FA-D048D7464187}.Debug|x64.ActiveCfg = Debug|Any CPU
		{25EBDC42-63F0-4EA7-B3FA-D048D7464187}.Debug|x64.Build.0 = Debug|Any CPU
		{25EBDC42-63F0-4EA7-B3FA-D048D7464187}.Release|Any CPU.ActiveCfg = Release|Any CPU
		{25EBDC42-63F0-4EA7-B3FA-D048D7464187}.Release|Any CPU.Build.0 = Release|Any CPU
		{25EBDC42-63F0-4EA7-B3FA-D048D7464187}.Release|Mixed Platforms.ActiveCfg = Release|x86
		{25EBDC42-63F0-4EA7-B3FA-D048D7464187}.Release|Mixed Platforms.Build.0 = Release|x86
		{25EBDC42-63F0-4EA7-B3FA-D048D7464187}.Release|Win32.ActiveCfg = Release|x86
		{25EBDC42-63F0-4EA7-B3FA-D048D7464187}.Release|Win32.Build.0 = Release|x86
		{25EBDC42-63F0-4EA7-B3FA-D048D7464187}.Release|x64.ActiveCfg = Release|Any CPU
		{25EBDC42-63F0-4EA7-B3FA-D048D7464187}.Release|x64.Build.0 = Release|Any CPU
		{C6D037D6-D177-4816-96F4-921DC4FC9B8D}.Debug|Any CPU.ActiveCfg = Debug|Any CPU
		{C6D037D6-D177-4816-96F4-921DC4FC9B8D}.Debug|Any CPU.Build.0 = Debug|Any CPU
		{C6D037D6-D177-4816-96F4-921DC4FC9B8D}.Debug|Mixed Platforms.ActiveCfg = Debug|x86
		{C6D037D6-D177-4816-96F4-921DC4FC9B8D}.Debug|Mixed Platforms.Build.0 = Debug|x86
		{C6D037D6-D177-4816-96F4-921DC4FC9B8D}.Debug|Win32.ActiveCfg = Debug|x86
		{C6D037D6-D177-4816-96F4-921DC4FC9B8D}.Debug|Win32.Build.0 = Debug|x86
		{C6D037D6-D177-4816-96F4-921DC4FC9B8D}.Debug|x64.ActiveCfg = Debug|Any CPU
		{C6D037D6-D177-4816-96F4-921DC4FC9B8D}.Debug|x64.Build.0 = Debug|Any CPU
		{C6D037D6-D177-4816-96F4-921DC4FC9B8D}.Release|Any CPU.ActiveCfg = Release|Any CPU
		{C6D037D6-D177-4816-96F4-921DC4FC9B8D}.Release|Any CPU.Build.0 = Release|Any CPU
		{C6D037D6-D177-4816-96F4-921DC4FC9B8D}.Release|Mixed Platforms.ActiveCfg = Release|x86
		{C6D037D6-D177-4816-96F4-921DC4FC9B8D}.Release|Mixed Platforms.Build.0 = Release|x86
		{C6D037D6-D177-4816-96F4-921DC4FC9B8D}.Release|Win32.ActiveCfg = Release|x86
		{C6D037D6-D177-4816-96F4-921DC4FC9B8D}.Release|Win32.Build.0 = Release|x86
		{C6D037D6-D177-4816-96F4-921DC4FC9B8D}.Release|x64.ActiveCfg = Release|Any CPU
		{C6D037D6-D177-4816-96F4-921DC4FC9B8D}.Release|x64.Build.0 = Release|Any CPU
		{6615D6F1-6013-4897-963B-8E798DAE0DB7}.Debug|Any CPU.ActiveCfg = Debug|Any CPU
		{6615D6F1-6013-4897-963B-8E798DAE0DB7}.Debug|Any CPU.Build.0 = Debug|Any CPU
		{6615D6F1-6013-4897-963B-8E798DAE0DB7}.Debug|Mixed Platforms.ActiveCfg = Debug|x86
		{6615D6F1-6013-4897-963B-8E798DAE0DB7}.Debug|Mixed Platforms.Build.0 = Debug|x86
		{6615D6F1-6013-4897-963B-8E798DAE0DB7}.Debug|Win32.ActiveCfg = Debug|x86
		{6615D6F1-6013-4897-963B-8E798DAE0DB7}.Debug|Win32.Build.0 = Debug|x86
		{6615D6F1-6013-4897-963B-8E798DAE0DB7}.Debug|x64.ActiveCfg = Debug|Any CPU
		{6615D6F1-6013-4897-963B-8E798DAE0DB7}.Debug|x64.Build.0 = Debug|Any CPU
		{6615D6F1-6013-4897-963B-8E798DAE0DB7}.Release|Any CPU.ActiveCfg = Release|Any CPU
		{6615D6F1-6013-4897-963B-8E798DAE0DB7}.Release|Any CPU.Build.0 = Release|Any CPU
		{6615D6F1-6013-4897-963B-8E798DAE0DB7}.Release|Mixed Platforms.ActiveCfg = Release|x86
		{6615D6F1-6013-4897-963B-8E798DAE0DB7}.Release|Mixed Platforms.Build.0 = Release|x86
		{6615D6F1-6013-4897-963B-8E798DAE0DB7}.Release|Win32.ActiveCfg = Release|x86
		{6615D6F1-6013-4897-963B-8E798DAE0DB7}.Release|Win32.Build.0 = Release|x86
		{6615D6F1-6013-4897-963B-8E798DAE0DB7}.Release|x64.ActiveCfg = Release|Any CPU
		{6615D6F1-6013-4897-963B-8E798DAE0DB7}.Release|x64.Build.0 = Release|Any CPU
		{84D44835-8FF1-4A09-A56F-C979313ABDDB}.Debug|Any CPU.ActiveCfg = Debug|Any CPU
		{84D44835-8FF1-4A09-A56F-C979313ABDDB}.Debug|Any CPU.Build.0 = Debug|Any CPU
		{84D44835-8FF1-4A09-A56F-C979313ABDDB}.Debug|Mixed Platforms.ActiveCfg = Debug|x86
		{84D44835-8FF1-4A09-A56F-C979313ABDDB}.Debug|Mixed Platforms.Build.0 = Debug|x86
		{84D44835-8FF1-4A09-A56F-C979313ABDDB}.Debug|Win32.ActiveCfg = Debug|x86
		{84D44835-8FF1-4A09-A56F-C979313ABDDB}.Debug|Win32.Build.0 = Debug|x86
		{84D44835-8FF1-4A09-A56F-C979313ABDDB}.Debug|x64.ActiveCfg = Debug|Any CPU
		{84D44835-8FF1-4A09-A56F-C979313ABDDB}.Debug|x64.Build.0 = Debug|Any CPU
		{84D44835-8FF1-4A09-A56F-C979313ABDDB}.Release|Any CPU.ActiveCfg = Release|Any CPU
		{84D44835-8FF1-4A09-A56F-C979313ABDDB}.Release|Any CPU.Build.0 = Release|Any CPU
		{84D44835-8FF1-4A09-A56F-C979313ABDDB}.Release|Mixed Platforms.ActiveCfg = Release|x86
		{84D44835-8FF1-4A09-A56F-C979313ABDDB}.Release|Mixed Platforms.Build.0 = Release|x86
		{84D44835-8FF1-4A09-A56F-C979313ABDDB}.Release|Win32.ActiveCfg = Release|x86
		{84D44835-8FF1-4A09-A56F-C979313ABDDB}.Release|Win32.Build.0 = Release|x86
		{84D44835-8FF1-4A09-A56F-C979313ABDDB}.Release|x64.ActiveCfg = Release|Any CPU
		{84D44835-8FF1-4A09-A56F-C979313ABDDB}.Release|x64.Build.0 = Release|Any CPU
		{35460AA4-B94A-4B64-9418-7243EC3D2F01}.Debug|Any CPU.ActiveCfg = Debug|Any CPU
		{35460AA4-B94A-4B64-9418-7243EC3D2F01}.Debug|Any CPU.Build.0 = Debug|Any CPU
		{35460AA4-B94A-4B64-9418-7243EC3D2F01}.Debug|Mixed Platforms.ActiveCfg = Debug|Any CPU
		{35460AA4-B94A-4B64-9418-7243EC3D2F01}.Debug|Mixed Platforms.Build.0 = Debug|Any CPU
		{35460AA4-B94A-4B64-9418-7243EC3D2F01}.Debug|Win32.ActiveCfg = Debug|Any CPU
		{35460AA4-B94A-4B64-9418-7243EC3D2F01}.Debug|x64.ActiveCfg = Debug|Any CPU
		{35460AA4-B94A-4B64-9418-7243EC3D2F01}.Debug|x64.Build.0 = Debug|Any CPU
		{35460AA4-B94A-4B64-9418-7243EC3D2F01}.Release|Any CPU.ActiveCfg = Release|Any CPU
		{35460AA4-B94A-4B64-9418-7243EC3D2F01}.Release|Any CPU.Build.0 = Release|Any CPU
		{35460AA4-B94A-4B64-9418-7243EC3D2F01}.Release|Mixed Platforms.ActiveCfg = Release|Any CPU
		{35460AA4-B94A-4B64-9418-7243EC3D2F01}.Release|Mixed Platforms.Build.0 = Release|Any CPU
		{35460AA4-B94A-4B64-9418-7243EC3D2F01}.Release|Win32.ActiveCfg = Release|Any CPU
		{35460AA4-B94A-4B64-9418-7243EC3D2F01}.Release|x64.ActiveCfg = Release|Any CPU
		{35460AA4-B94A-4B64-9418-7243EC3D2F01}.Release|x64.Build.0 = Release|Any CPU
		{D01E0017-08F5-4746-A7FA-55233B1AB072}.Debug|Any CPU.ActiveCfg = Debug|Any CPU
		{D01E0017-08F5-4746-A7FA-55233B1AB072}.Debug|Any CPU.Build.0 = Debug|Any CPU
		{D01E0017-08F5-4746-A7FA-55233B1AB072}.Debug|Mixed Platforms.ActiveCfg = Debug|Any CPU
		{D01E0017-08F5-4746-A7FA-55233B1AB072}.Debug|Mixed Platforms.Build.0 = Debug|Any CPU
		{D01E0017-08F5-4746-A7FA-55233B1AB072}.Debug|Win32.ActiveCfg = Debug|Any CPU
		{D01E0017-08F5-4746-A7FA-55233B1AB072}.Debug|x64.ActiveCfg = Debug|Any CPU
		{D01E0017-08F5-4746-A7FA-55233B1AB072}.Debug|x64.Build.0 = Debug|Any CPU
		{D01E0017-08F5-4746-A7FA-55233B1AB072}.Release|Any CPU.ActiveCfg = Release|Any CPU
		{D01E0017-08F5-4746-A7FA-55233B1AB072}.Release|Any CPU.Build.0 = Release|Any CPU
		{D01E0017-08F5-4746-A7FA-55233B1AB072}.Release|Mixed Platforms.ActiveCfg = Release|Any CPU
		{D01E0017-08F5-4746-A7FA-55233B1AB072}.Release|Mixed Platforms.Build.0 = Release|Any CPU
		{D01E0017-08F5-4746-A7FA-55233B1AB072}.Release|Win32.ActiveCfg = Release|Any CPU
		{D01E0017-08F5-4746-A7FA-55233B1AB072}.Release|x64.ActiveCfg = Release|Any CPU
		{D01E0017-08F5-4746-A7FA-55233B1AB072}.Release|x64.Build.0 = Release|Any CPU
		{C13E47B0-A74B-4A26-99C3-EA4EAFC4D155}.Debug|Any CPU.ActiveCfg = Debug|Any CPU
		{C13E47B0-A74B-4A26-99C3-EA4EAFC4D155}.Debug|Any CPU.Build.0 = Debug|Any CPU
		{C13E47B0-A74B-4A26-99C3-EA4EAFC4D155}.Debug|Mixed Platforms.ActiveCfg = Debug|Any CPU
		{C13E47B0-A74B-4A26-99C3-EA4EAFC4D155}.Debug|Mixed Platforms.Build.0 = Debug|Any CPU
		{C13E47B0-A74B-4A26-99C3-EA4EAFC4D155}.Debug|Win32.ActiveCfg = Debug|Any CPU
		{C13E47B0-A74B-4A26-99C3-EA4EAFC4D155}.Debug|x64.ActiveCfg = Debug|Any CPU
		{C13E47B0-A74B-4A26-99C3-EA4EAFC4D155}.Debug|x64.Build.0 = Debug|Any CPU
		{C13E47B0-A74B-4A26-99C3-EA4EAFC4D155}.Release|Any CPU.ActiveCfg = Release|Any CPU
		{C13E47B0-A74B-4A26-99C3-EA4EAFC4D155}.Release|Any CPU.Build.0 = Release|Any CPU
		{C13E47B0-A74B-4A26-99C3-EA4EAFC4D155}.Release|Mixed Platforms.ActiveCfg = Release|Any CPU
		{C13E47B0-A74B-4A26-99C3-EA4EAFC4D155}.Release|Mixed Platforms.Build.0 = Release|Any CPU
		{C13E47B0-A74B-4A26-99C3-EA4EAFC4D155}.Release|Win32.ActiveCfg = Release|Any CPU
		{C13E47B0-A74B-4A26-99C3-EA4EAFC4D155}.Release|x64.ActiveCfg = Release|Any CPU
		{C13E47B0-A74B-4A26-99C3-EA4EAFC4D155}.Release|x64.Build.0 = Release|Any CPU
		{CC0FAEEE-AD7B-4BD4-A9C5-70AD71C6AC16}.Debug|Any CPU.ActiveCfg = Debug|Any CPU
		{CC0FAEEE-AD7B-4BD4-A9C5-70AD71C6AC16}.Debug|Any CPU.Build.0 = Debug|Any CPU
		{CC0FAEEE-AD7B-4BD4-A9C5-70AD71C6AC16}.Debug|Mixed Platforms.ActiveCfg = Debug|Any CPU
		{CC0FAEEE-AD7B-4BD4-A9C5-70AD71C6AC16}.Debug|Mixed Platforms.Build.0 = Debug|Any CPU
		{CC0FAEEE-AD7B-4BD4-A9C5-70AD71C6AC16}.Debug|Win32.ActiveCfg = Debug|Any CPU
		{CC0FAEEE-AD7B-4BD4-A9C5-70AD71C6AC16}.Debug|x64.ActiveCfg = Debug|Any CPU
		{CC0FAEEE-AD7B-4BD4-A9C5-70AD71C6AC16}.Debug|x64.Build.0 = Debug|Any CPU
		{CC0FAEEE-AD7B-4BD4-A9C5-70AD71C6AC16}.Release|Any CPU.ActiveCfg = Release|Any CPU
		{CC0FAEEE-AD7B-4BD4-A9C5-70AD71C6AC16}.Release|Any CPU.Build.0 = Release|Any CPU
		{CC0FAEEE-AD7B-4BD4-A9C5-70AD71C6AC16}.Release|Mixed Platforms.ActiveCfg = Release|Any CPU
		{CC0FAEEE-AD7B-4BD4-A9C5-70AD71C6AC16}.Release|Mixed Platforms.Build.0 = Release|Any CPU
		{CC0FAEEE-AD7B-4BD4-A9C5-70AD71C6AC16}.Release|Win32.ActiveCfg = Release|Any CPU
		{CC0FAEEE-AD7B-4BD4-A9C5-70AD71C6AC16}.Release|x64.ActiveCfg = Release|Any CPU
		{CC0FAEEE-AD7B-4BD4-A9C5-70AD71C6AC16}.Release|x64.Build.0 = Release|Any CPU
		{B8193493-79E3-4B59-8B8F-20E691E5FEF7}.Debug|Any CPU.ActiveCfg = Debug|Any CPU
		{B8193493-79E3-4B59-8B8F-20E691E5FEF7}.Debug|Any CPU.Build.0 = Debug|Any CPU
		{B8193493-79E3-4B59-8B8F-20E691E5FEF7}.Debug|Mixed Platforms.ActiveCfg = Debug|Any CPU
		{B8193493-79E3-4B59-8B8F-20E691E5FEF7}.Debug|Mixed Platforms.Build.0 = Debug|Any CPU
		{B8193493-79E3-4B59-8B8F-20E691E5FEF7}.Debug|Win32.ActiveCfg = Debug|Any CPU
		{B8193493-79E3-4B59-8B8F-20E691E5FEF7}.Debug|x64.ActiveCfg = Debug|Any CPU
		{B8193493-79E3-4B59-8B8F-20E691E5FEF7}.Debug|x64.Build.0 = Debug|Any CPU
		{B8193493-79E3-4B59-8B8F-20E691E5FEF7}.Release|Any CPU.ActiveCfg = Release|Any CPU
		{B8193493-79E3-4B59-8B8F-20E691E5FEF7}.Release|Any CPU.Build.0 = Release|Any CPU
		{B8193493-79E3-4B59-8B8F-20E691E5FEF7}.Release|Mixed Platforms.ActiveCfg = Release|Any CPU
		{B8193493-79E3-4B59-8B8F-20E691E5FEF7}.Release|Mixed Platforms.Build.0 = Release|Any CPU
		{B8193493-79E3-4B59-8B8F-20E691E5FEF7}.Release|Win32.ActiveCfg = Release|Any CPU
		{B8193493-79E3-4B59-8B8F-20E691E5FEF7}.Release|x64.ActiveCfg = Release|Any CPU
		{B8193493-79E3-4B59-8B8F-20E691E5FEF7}.Release|x64.Build.0 = Release|Any CPU
		{4C7218B3-6BA8-427C-A130-8C1EFE3287EA}.Debug|Any CPU.ActiveCfg = Debug|Any CPU
		{4C7218B3-6BA8-427C-A130-8C1EFE3287EA}.Debug|Any CPU.Build.0 = Debug|Any CPU
		{4C7218B3-6BA8-427C-A130-8C1EFE3287EA}.Debug|Mixed Platforms.ActiveCfg = Debug|Any CPU
		{4C7218B3-6BA8-427C-A130-8C1EFE3287EA}.Debug|Mixed Platforms.Build.0 = Debug|Any CPU
		{4C7218B3-6BA8-427C-A130-8C1EFE3287EA}.Debug|Win32.ActiveCfg = Debug|Any CPU
		{4C7218B3-6BA8-427C-A130-8C1EFE3287EA}.Debug|x64.ActiveCfg = Debug|Any CPU
		{4C7218B3-6BA8-427C-A130-8C1EFE3287EA}.Debug|x64.Build.0 = Debug|Any CPU
		{4C7218B3-6BA8-427C-A130-8C1EFE3287EA}.Release|Any CPU.ActiveCfg = Release|Any CPU
		{4C7218B3-6BA8-427C-A130-8C1EFE3287EA}.Release|Any CPU.Build.0 = Release|Any CPU
		{4C7218B3-6BA8-427C-A130-8C1EFE3287EA}.Release|Mixed Platforms.ActiveCfg = Release|Any CPU
		{4C7218B3-6BA8-427C-A130-8C1EFE3287EA}.Release|Mixed Platforms.Build.0 = Release|Any CPU
		{4C7218B3-6BA8-427C-A130-8C1EFE3287EA}.Release|Win32.ActiveCfg = Release|Any CPU
		{4C7218B3-6BA8-427C-A130-8C1EFE3287EA}.Release|x64.ActiveCfg = Release|Any CPU
		{4C7218B3-6BA8-427C-A130-8C1EFE3287EA}.Release|x64.Build.0 = Release|Any CPU
		{5ED5D4D7-9099-4CF9-88CD-D19D870FC741}.Debug|Any CPU.ActiveCfg = Debug|Any CPU
		{5ED5D4D7-9099-4CF9-88CD-D19D870FC741}.Debug|Any CPU.Build.0 = Debug|Any CPU
		{5ED5D4D7-9099-4CF9-88CD-D19D870FC741}.Debug|Mixed Platforms.ActiveCfg = Debug|Any CPU
		{5ED5D4D7-9099-4CF9-88CD-D19D870FC741}.Debug|Mixed Platforms.Build.0 = Debug|Any CPU
		{5ED5D4D7-9099-4CF9-88CD-D19D870FC741}.Debug|Win32.ActiveCfg = Debug|Any CPU
		{5ED5D4D7-9099-4CF9-88CD-D19D870FC741}.Debug|x64.ActiveCfg = Debug|Any CPU
		{5ED5D4D7-9099-4CF9-88CD-D19D870FC741}.Debug|x64.Build.0 = Debug|Any CPU
		{5ED5D4D7-9099-4CF9-88CD-D19D870FC741}.Release|Any CPU.ActiveCfg = Release|Any CPU
		{5ED5D4D7-9099-4CF9-88CD-D19D870FC741}.Release|Any CPU.Build.0 = Release|Any CPU
		{5ED5D4D7-9099-4CF9-88CD-D19D870FC741}.Release|Mixed Platforms.ActiveCfg = Release|Any CPU
		{5ED5D4D7-9099-4CF9-88CD-D19D870FC741}.Release|Mixed Platforms.Build.0 = Release|Any CPU
		{5ED5D4D7-9099-4CF9-88CD-D19D870FC741}.Release|Win32.ActiveCfg = Release|Any CPU
		{5ED5D4D7-9099-4CF9-88CD-D19D870FC741}.Release|x64.ActiveCfg = Release|Any CPU
		{5ED5D4D7-9099-4CF9-88CD-D19D870FC741}.Release|x64.Build.0 = Release|Any CPU
		{0A18D7D3-D05C-4871-B2DF-E618ACB25E31}.Debug|Any CPU.ActiveCfg = Debug|Any CPU
		{0A18D7D3-D05C-4871-B2DF-E618ACB25E31}.Debug|Any CPU.Build.0 = Debug|Any CPU
		{0A18D7D3-D05C-4871-B2DF-E618ACB25E31}.Debug|Mixed Platforms.ActiveCfg = Debug|Any CPU
		{0A18D7D3-D05C-4871-B2DF-E618ACB25E31}.Debug|Mixed Platforms.Build.0 = Debug|Any CPU
		{0A18D7D3-D05C-4871-B2DF-E618ACB25E31}.Debug|Win32.ActiveCfg = Debug|Any CPU
		{0A18D7D3-D05C-4871-B2DF-E618ACB25E31}.Debug|x64.ActiveCfg = Debug|Any CPU
		{0A18D7D3-D05C-4871-B2DF-E618ACB25E31}.Debug|x64.Build.0 = Debug|Any CPU
		{0A18D7D3-D05C-4871-B2DF-E618ACB25E31}.Release|Any CPU.ActiveCfg = Release|Any CPU
		{0A18D7D3-D05C-4871-B2DF-E618ACB25E31}.Release|Any CPU.Build.0 = Release|Any CPU
		{0A18D7D3-D05C-4871-B2DF-E618ACB25E31}.Release|Mixed Platforms.ActiveCfg = Release|Any CPU
		{0A18D7D3-D05C-4871-B2DF-E618ACB25E31}.Release|Mixed Platforms.Build.0 = Release|Any CPU
		{0A18D7D3-D05C-4871-B2DF-E618ACB25E31}.Release|Win32.ActiveCfg = Release|Any CPU
		{0A18D7D3-D05C-4871-B2DF-E618ACB25E31}.Release|x64.ActiveCfg = Release|Any CPU
		{0A18D7D3-D05C-4871-B2DF-E618ACB25E31}.Release|x64.Build.0 = Release|Any CPU
		{052CEAEE-674D-41D8-8134-D26A3DD14D5C}.Debug|Any CPU.ActiveCfg = Debug|Win32
		{052CEAEE-674D-41D8-8134-D26A3DD14D5C}.Debug|Mixed Platforms.ActiveCfg = Debug|Win32
		{052CEAEE-674D-41D8-8134-D26A3DD14D5C}.Debug|Mixed Platforms.Build.0 = Debug|Win32
		{052CEAEE-674D-41D8-8134-D26A3DD14D5C}.Debug|Win32.ActiveCfg = Debug|Win32
		{052CEAEE-674D-41D8-8134-D26A3DD14D5C}.Debug|Win32.Build.0 = Debug|Win32
		{052CEAEE-674D-41D8-8134-D26A3DD14D5C}.Debug|x64.ActiveCfg = Release|x64
		{052CEAEE-674D-41D8-8134-D26A3DD14D5C}.Debug|x64.Build.0 = Release|x64
		{052CEAEE-674D-41D8-8134-D26A3DD14D5C}.Release|Any CPU.ActiveCfg = Release|Win32
		{052CEAEE-674D-41D8-8134-D26A3DD14D5C}.Release|Mixed Platforms.ActiveCfg = Release|Win32
		{052CEAEE-674D-41D8-8134-D26A3DD14D5C}.Release|Mixed Platforms.Build.0 = Release|Win32
		{052CEAEE-674D-41D8-8134-D26A3DD14D5C}.Release|Win32.ActiveCfg = Release|Win32
		{052CEAEE-674D-41D8-8134-D26A3DD14D5C}.Release|Win32.Build.0 = Release|Win32
		{052CEAEE-674D-41D8-8134-D26A3DD14D5C}.Release|x64.ActiveCfg = Release|x64
		{052CEAEE-674D-41D8-8134-D26A3DD14D5C}.Release|x64.Build.0 = Release|x64
	EndGlobalSection
	GlobalSection(SolutionProperties) = preSolution
		HideSolutionNode = FALSE
	EndGlobalSection
	GlobalSection(NestedProjects) = preSolution
		{58F49703-44F1-44F4-9D51-C7A740D413D9} = {2CC0970E-BA1E-4A22-8EB6-1A323E7CB6C9}
		{AC774EA8-DB66-4FC4-A62E-5E46F7D11EFF} = {2CC0970E-BA1E-4A22-8EB6-1A323E7CB6C9}
		{F1F52FCD-92FA-4850-B1B3-4FBD1644C7BF} = {2CC0970E-BA1E-4A22-8EB6-1A323E7CB6C9}
		{5D60210D-8FFF-4657-9DE1-92E99ED65853} = {2CC0970E-BA1E-4A22-8EB6-1A323E7CB6C9}
		{C71528F7-1B11-4C4D-BDCA-B479469E899E} = {2CC0970E-BA1E-4A22-8EB6-1A323E7CB6C9}
		{2D2B2850-F71A-486B-92DB-DCFD618B2762} = {2CC0970E-BA1E-4A22-8EB6-1A323E7CB6C9}
		{397ABE3E-D249-4E96-8BE1-DE53BC1FB7D2} = {2CC0970E-BA1E-4A22-8EB6-1A323E7CB6C9}
		{4E18C5DE-3F77-402E-9B99-532AA86397CA} = {2CC0970E-BA1E-4A22-8EB6-1A323E7CB6C9}
		{CB0485C7-9ECC-4545-B704-0C56392AC1EA} = {2CC0970E-BA1E-4A22-8EB6-1A323E7CB6C9}
		{25EBDC42-63F0-4EA7-B3FA-D048D7464187} = {2CC0970E-BA1E-4A22-8EB6-1A323E7CB6C9}
		{C6D037D6-D177-4816-96F4-921DC4FC9B8D} = {2CC0970E-BA1E-4A22-8EB6-1A323E7CB6C9}
		{6615D6F1-6013-4897-963B-8E798DAE0DB7} = {2CC0970E-BA1E-4A22-8EB6-1A323E7CB6C9}
		{D01E0017-08F5-4746-A7FA-55233B1AB072} = {2CC0970E-BA1E-4A22-8EB6-1A323E7CB6C9}
		{CC0FAEEE-AD7B-4BD4-A9C5-70AD71C6AC16} = {2CC0970E-BA1E-4A22-8EB6-1A323E7CB6C9}
		{0A18D7D3-D05C-4871-B2DF-E618ACB25E31} = {2CC0970E-BA1E-4A22-8EB6-1A323E7CB6C9}
		{B8193493-79E3-4B59-8B8F-20E691E5FEF7} = {3350A994-5525-4557-845A-30739CC91E73}
		{4C7218B3-6BA8-427C-A130-8C1EFE3287EA} = {3350A994-5525-4557-845A-30739CC91E73}
		{5ED5D4D7-9099-4CF9-88CD-D19D870FC741} = {3350A994-5525-4557-845A-30739CC91E73}
	EndGlobalSection
EndGlobal
